// !$*UTF8*$!
{
	archiveVersion = 1;
	classes = {
	};
	objectVersion = 56;
	objects = {

/* Begin PBXBuildFile section */
		35A782EE2A09713200B2EC6A /* AppDelegate.swift in Sources */ = {isa = PBXBuildFile; fileRef = 35A782ED2A09713200B2EC6A /* AppDelegate.swift */; };
		35A782F02A09713200B2EC6A /* SceneDelegate.swift in Sources */ = {isa = PBXBuildFile; fileRef = 35A782EF2A09713200B2EC6A /* SceneDelegate.swift */; };
		35A782F72A09713300B2EC6A /* Assets.xcassets in Resources */ = {isa = PBXBuildFile; fileRef = 35A782F62A09713300B2EC6A /* Assets.xcassets */; };
		35A782FA2A09713300B2EC6A /* LaunchScreen.storyboard in Resources */ = {isa = PBXBuildFile; fileRef = 35A782F82A09713300B2EC6A /* LaunchScreen.storyboard */; };
		35A783042A09717700B2EC6A /* FeedViewController.swift in Sources */ = {isa = PBXBuildFile; fileRef = 35A783032A09717700B2EC6A /* FeedViewController.swift */; };
		35A783072A0971B700B2EC6A /* SnapKit in Frameworks */ = {isa = PBXBuildFile; productRef = 35A783062A0971B700B2EC6A /* SnapKit */; };
		35A7830F2A09772600B2EC6A /* LogoView.swift in Sources */ = {isa = PBXBuildFile; fileRef = 35A7830E2A09772600B2EC6A /* LogoView.swift */; };
		35A783132A09864300B2EC6A /* FeedItemType.swift in Sources */ = {isa = PBXBuildFile; fileRef = 35A783122A09864300B2EC6A /* FeedItemType.swift */; };
		35A783152A09868D00B2EC6A /* FeedStoriesCellInfo.swift in Sources */ = {isa = PBXBuildFile; fileRef = 35A783142A09868D00B2EC6A /* FeedStoriesCellInfo.swift */; };
		35A783172A09879300B2EC6A /* FeedPostItemInfo.swift in Sources */ = {isa = PBXBuildFile; fileRef = 35A783162A09879300B2EC6A /* FeedPostItemInfo.swift */; };
		35A7831A2A0AC37D00B2EC6A /* FeedStoriesSetCell.swift in Sources */ = {isa = PBXBuildFile; fileRef = 35A783192A0AC37D00B2EC6A /* FeedStoriesSetCell.swift */; };
		35A7831C2A0AC4AA00B2EC6A /* FeedPostCeel.swift in Sources */ = {isa = PBXBuildFile; fileRef = 35A7831B2A0AC4AA00B2EC6A /* FeedPostCeel.swift */; };
		35A7831E2A0ACC6800B2EC6A /* StoriesItemCell.swift in Sources */ = {isa = PBXBuildFile; fileRef = 35A7831D2A0ACC6800B2EC6A /* StoriesItemCell.swift */; };
/* End PBXBuildFile section */

/* Begin PBXFileReference section */
		35A782EA2A09713200B2EC6A /* Insta.app */ = {isa = PBXFileReference; explicitFileType = wrapper.application; includeInIndex = 0; path = Insta.app; sourceTree = BUILT_PRODUCTS_DIR; };
		35A782ED2A09713200B2EC6A /* AppDelegate.swift */ = {isa = PBXFileReference; lastKnownFileType = sourcecode.swift; path = AppDelegate.swift; sourceTree = "<group>"; };
		35A782EF2A09713200B2EC6A /* SceneDelegate.swift */ = {isa = PBXFileReference; lastKnownFileType = sourcecode.swift; path = SceneDelegate.swift; sourceTree = "<group>"; };
		35A782F62A09713300B2EC6A /* Assets.xcassets */ = {isa = PBXFileReference; lastKnownFileType = folder.assetcatalog; path = Assets.xcassets; sourceTree = "<group>"; };
		35A782F92A09713300B2EC6A /* Base */ = {isa = PBXFileReference; lastKnownFileType = file.storyboard; name = Base; path = Base.lproj/LaunchScreen.storyboard; sourceTree = "<group>"; };
		35A782FB2A09713300B2EC6A /* Info.plist */ = {isa = PBXFileReference; lastKnownFileType = text.plist.xml; path = Info.plist; sourceTree = "<group>"; };
		35A783032A09717700B2EC6A /* FeedViewController.swift */ = {isa = PBXFileReference; lastKnownFileType = sourcecode.swift; path = FeedViewController.swift; sourceTree = "<group>"; };
		35A7830E2A09772600B2EC6A /* LogoView.swift */ = {isa = PBXFileReference; lastKnownFileType = sourcecode.swift; path = LogoView.swift; sourceTree = "<group>"; };
		35A783122A09864300B2EC6A /* FeedItemType.swift */ = {isa = PBXFileReference; lastKnownFileType = sourcecode.swift; path = FeedItemType.swift; sourceTree = "<group>"; };
		35A783142A09868D00B2EC6A /* FeedStoriesCellInfo.swift */ = {isa = PBXFileReference; lastKnownFileType = sourcecode.swift; path = FeedStoriesCellInfo.swift; sourceTree = "<group>"; };
		35A783162A09879300B2EC6A /* FeedPostItemInfo.swift */ = {isa = PBXFileReference; lastKnownFileType = sourcecode.swift; path = FeedPostItemInfo.swift; sourceTree = "<group>"; };
		35A783192A0AC37D00B2EC6A /* FeedStoriesSetCell.swift */ = {isa = PBXFileReference; lastKnownFileType = sourcecode.swift; path = FeedStoriesSetCell.swift; sourceTree = "<group>"; };
		35A7831B2A0AC4AA00B2EC6A /* FeedPostCeel.swift */ = {isa = PBXFileReference; lastKnownFileType = sourcecode.swift; path = FeedPostCeel.swift; sourceTree = "<group>"; };
		35A7831D2A0ACC6800B2EC6A /* StoriesItemCell.swift */ = {isa = PBXFileReference; lastKnownFileType = sourcecode.swift; path = StoriesItemCell.swift; sourceTree = "<group>"; };
/* End PBXFileReference section */

/* Begin PBXFrameworksBuildPhase section */
		35A782E72A09713200B2EC6A /* Frameworks */ = {
			isa = PBXFrameworksBuildPhase;
			buildActionMask = 2147483647;
			files = (
				35A783072A0971B700B2EC6A /* SnapKit in Frameworks */,
			);
			runOnlyForDeploymentPostprocessing = 0;
		};
/* End PBXFrameworksBuildPhase section */

/* Begin PBXGroup section */
		35A782E12A09713200B2EC6A = {
			isa = PBXGroup;
			children = (
				35A782EC2A09713200B2EC6A /* Insta */,
				35A782EB2A09713200B2EC6A /* Products */,
			);
			sourceTree = "<group>";
		};
		35A782EB2A09713200B2EC6A /* Products */ = {
			isa = PBXGroup;
			children = (
				35A782EA2A09713200B2EC6A /* Insta.app */,
			);
			name = Products;
			sourceTree = "<group>";
		};
		35A782EC2A09713200B2EC6A /* Insta */ = {
			isa = PBXGroup;
			children = (
				35A7830B2A0976E100B2EC6A /* Views */,
				35A7830A2A0973EE00B2EC6A /* Feed */,
				35A783092A09737000B2EC6A /* Resources */,
				35A783082A09731800B2EC6A /* Application */,
			);
			path = Insta;
			sourceTree = "<group>";
		};
		35A783082A09731800B2EC6A /* Application */ = {
			isa = PBXGroup;
			children = (
				35A782ED2A09713200B2EC6A /* AppDelegate.swift */,
				35A782EF2A09713200B2EC6A /* SceneDelegate.swift */,
			);
			path = Application;
			sourceTree = "<group>";
		};
		35A783092A09737000B2EC6A /* Resources */ = {
			isa = PBXGroup;
			children = (
				35A782F62A09713300B2EC6A /* Assets.xcassets */,
				35A782F82A09713300B2EC6A /* LaunchScreen.storyboard */,
				35A782FB2A09713300B2EC6A /* Info.plist */,
			);
			path = Resources;
			sourceTree = "<group>";
		};
		35A7830A2A0973EE00B2EC6A /* Feed */ = {
			isa = PBXGroup;
			children = (
				35A783032A09717700B2EC6A /* FeedViewController.swift */,
				35A783122A09864300B2EC6A /* FeedItemType.swift */,
				35A783142A09868D00B2EC6A /* FeedStoriesCellInfo.swift */,
				35A783162A09879300B2EC6A /* FeedPostItemInfo.swift */,
			);
			path = Feed;
			sourceTree = "<group>";
		};
		35A7830B2A0976E100B2EC6A /* Views */ = {
			isa = PBXGroup;
			children = (
				35A783182A0AC34500B2EC6A /* Ceels */,
				35A7830E2A09772600B2EC6A /* LogoView.swift */,
			);
			path = Views;
			sourceTree = "<group>";
		};
		35A783182A0AC34500B2EC6A /* Ceels */ = {
			isa = PBXGroup;
			children = (
				35A783192A0AC37D00B2EC6A /* FeedStoriesSetCell.swift */,
				35A7831B2A0AC4AA00B2EC6A /* FeedPostCeel.swift */,
				35A7831D2A0ACC6800B2EC6A /* StoriesItemCell.swift */,
			);
			path = Ceels;
			sourceTree = "<group>";
		};
/* End PBXGroup section */

/* Begin PBXNativeTarget section */
		35A782E92A09713200B2EC6A /* Insta */ = {
			isa = PBXNativeTarget;
			buildConfigurationList = 35A782FE2A09713300B2EC6A /* Build configuration list for PBXNativeTarget "Insta" */;
			buildPhases = (
				35A782E62A09713200B2EC6A /* Sources */,
				35A782E72A09713200B2EC6A /* Frameworks */,
				35A782E82A09713200B2EC6A /* Resources */,
			);
			buildRules = (
			);
			dependencies = (
			);
			name = Insta;
			packageProductDependencies = (
				35A783062A0971B700B2EC6A /* SnapKit */,
			);
			productName = Insta;
			productReference = 35A782EA2A09713200B2EC6A /* Insta.app */;
			productType = "com.apple.product-type.application";
		};
/* End PBXNativeTarget section */

/* Begin PBXProject section */
		35A782E22A09713200B2EC6A /* Project object */ = {
			isa = PBXProject;
			attributes = {
				BuildIndependentTargetsInParallel = 1;
				LastSwiftUpdateCheck = 1420;
				LastUpgradeCheck = 1420;
				TargetAttributes = {
					35A782E92A09713200B2EC6A = {
						CreatedOnToolsVersion = 14.2;
					};
				};
			};
			buildConfigurationList = 35A782E52A09713200B2EC6A /* Build configuration list for PBXProject "Insta" */;
			compatibilityVersion = "Xcode 14.0";
			developmentRegion = en;
			hasScannedForEncodings = 0;
			knownRegions = (
				en,
				Base,
			);
			mainGroup = 35A782E12A09713200B2EC6A;
			packageReferences = (
				35A783052A0971B700B2EC6A /* XCRemoteSwiftPackageReference "SnapKit" */,
			);
			productRefGroup = 35A782EB2A09713200B2EC6A /* Products */;
			projectDirPath = "";
			projectRoot = "";
			targets = (
				35A782E92A09713200B2EC6A /* Insta */,
			);
		};
/* End PBXProject section */

/* Begin PBXResourcesBuildPhase section */
		35A782E82A09713200B2EC6A /* Resources */ = {
			isa = PBXResourcesBuildPhase;
			buildActionMask = 2147483647;
			files = (
				35A782FA2A09713300B2EC6A /* LaunchScreen.storyboard in Resources */,
				35A782F72A09713300B2EC6A /* Assets.xcassets in Resources */,
			);
			runOnlyForDeploymentPostprocessing = 0;
		};
/* End PBXResourcesBuildPhase section */

/* Begin PBXSourcesBuildPhase section */
		35A782E62A09713200B2EC6A /* Sources */ = {
			isa = PBXSourcesBuildPhase;
			buildActionMask = 2147483647;
			files = (
				35A783172A09879300B2EC6A /* FeedPostItemInfo.swift in Sources */,
				35A782EE2A09713200B2EC6A /* AppDelegate.swift in Sources */,
				35A783152A09868D00B2EC6A /* FeedStoriesCellInfo.swift in Sources */,
				35A7831C2A0AC4AA00B2EC6A /* FeedPostCeel.swift in Sources */,
				35A7831E2A0ACC6800B2EC6A /* StoriesItemCell.swift in Sources */,
				35A7830F2A09772600B2EC6A /* LogoView.swift in Sources */,
				35A7831A2A0AC37D00B2EC6A /* FeedStoriesSetCell.swift in Sources */,
				35A783042A09717700B2EC6A /* FeedViewController.swift in Sources */,
				35A782F02A09713200B2EC6A /* SceneDelegate.swift in Sources */,
				35A783132A09864300B2EC6A /* FeedItemType.swift in Sources */,
			);
			runOnlyForDeploymentPostprocessing = 0;
		};
/* End PBXSourcesBuildPhase section */

/* Begin PBXVariantGroup section */
		35A782F82A09713300B2EC6A /* LaunchScreen.storyboard */ = {
			isa = PBXVariantGroup;
			children = (
				35A782F92A09713300B2EC6A /* Base */,
			);
			name = LaunchScreen.storyboard;
			sourceTree = "<group>";
		};
/* End PBXVariantGroup section */

/* Begin XCBuildConfiguration section */
		35A782FC2A09713300B2EC6A /* Debug */ = {
			isa = XCBuildConfiguration;
			buildSettings = {
				ALWAYS_SEARCH_USER_PATHS = NO;
				CLANG_ANALYZER_NONNULL = YES;
				CLANG_ANALYZER_NUMBER_OBJECT_CONVERSION = YES_AGGRESSIVE;
				CLANG_CXX_LANGUAGE_STANDARD = "gnu++20";
				CLANG_ENABLE_MODULES = YES;
				CLANG_ENABLE_OBJC_ARC = YES;
				CLANG_ENABLE_OBJC_WEAK = YES;
				CLANG_WARN_BLOCK_CAPTURE_AUTORELEASING = YES;
				CLANG_WARN_BOOL_CONVERSION = YES;
				CLANG_WARN_COMMA = YES;
				CLANG_WARN_CONSTANT_CONVERSION = YES;
				CLANG_WARN_DEPRECATED_OBJC_IMPLEMENTATIONS = YES;
				CLANG_WARN_DIRECT_OBJC_ISA_USAGE = YES_ERROR;
				CLANG_WARN_DOCUMENTATION_COMMENTS = YES;
				CLANG_WARN_EMPTY_BODY = YES;
				CLANG_WARN_ENUM_CONVERSION = YES;
				CLANG_WARN_INFINITE_RECURSION = YES;
				CLANG_WARN_INT_CONVERSION = YES;
				CLANG_WARN_NON_LITERAL_NULL_CONVERSION = YES;
				CLANG_WARN_OBJC_IMPLICIT_RETAIN_SELF = YES;
				CLANG_WARN_OBJC_LITERAL_CONVERSION = YES;
				CLANG_WARN_OBJC_ROOT_CLASS = YES_ERROR;
				CLANG_WARN_QUOTED_INCLUDE_IN_FRAMEWORK_HEADER = YES;
				CLANG_WARN_RANGE_LOOP_ANALYSIS = YES;
				CLANG_WARN_STRICT_PROTOTYPES = YES;
				CLANG_WARN_SUSPICIOUS_MOVE = YES;
				CLANG_WARN_UNGUARDED_AVAILABILITY = YES_AGGRESSIVE;
				CLANG_WARN_UNREACHABLE_CODE = YES;
				CLANG_WARN__DUPLICATE_METHOD_MATCH = YES;
				COPY_PHASE_STRIP = NO;
				DEBUG_INFORMATION_FORMAT = dwarf;
				ENABLE_STRICT_OBJC_MSGSEND = YES;
				ENABLE_TESTABILITY = YES;
				GCC_C_LANGUAGE_STANDARD = gnu11;
				GCC_DYNAMIC_NO_PIC = NO;
				GCC_NO_COMMON_BLOCKS = YES;
				GCC_OPTIMIZATION_LEVEL = 0;
				GCC_PREPROCESSOR_DEFINITIONS = (
					"DEBUG=1",
					"$(inherited)",
				);
				GCC_WARN_64_TO_32_BIT_CONVERSION = YES;
				GCC_WARN_ABOUT_RETURN_TYPE = YES_ERROR;
				GCC_WARN_UNDECLARED_SELECTOR = YES;
				GCC_WARN_UNINITIALIZED_AUTOS = YES_AGGRESSIVE;
				GCC_WARN_UNUSED_FUNCTION = YES;
				GCC_WARN_UNUSED_VARIABLE = YES;
				IPHONEOS_DEPLOYMENT_TARGET = 16.2;
				MTL_ENABLE_DEBUG_INFO = INCLUDE_SOURCE;
				MTL_FAST_MATH = YES;
				ONLY_ACTIVE_ARCH = YES;
				SDKROOT = iphoneos;
				SWIFT_ACTIVE_COMPILATION_CONDITIONS = DEBUG;
				SWIFT_OPTIMIZATION_LEVEL = "-Onone";
			};
			name = Debug;
		};
		35A782FD2A09713300B2EC6A /* Release */ = {
			isa = XCBuildConfiguration;
			buildSettings = {
				ALWAYS_SEARCH_USER_PATHS = NO;
				CLANG_ANALYZER_NONNULL = YES;
				CLANG_ANALYZER_NUMBER_OBJECT_CONVERSION = YES_AGGRESSIVE;
				CLANG_CXX_LANGUAGE_STANDARD = "gnu++20";
				CLANG_ENABLE_MODULES = YES;
				CLANG_ENABLE_OBJC_ARC = YES;
				CLANG_ENABLE_OBJC_WEAK = YES;
				CLANG_WARN_BLOCK_CAPTURE_AUTORELEASING = YES;
				CLANG_WARN_BOOL_CONVERSION = YES;
				CLANG_WARN_COMMA = YES;
				CLANG_WARN_CONSTANT_CONVERSION = YES;
				CLANG_WARN_DEPRECATED_OBJC_IMPLEMENTATIONS = YES;
				CLANG_WARN_DIRECT_OBJC_ISA_USAGE = YES_ERROR;
				CLANG_WARN_DOCUMENTATION_COMMENTS = YES;
				CLANG_WARN_EMPTY_BODY = YES;
				CLANG_WARN_ENUM_CONVERSION = YES;
				CLANG_WARN_INFINITE_RECURSION = YES;
				CLANG_WARN_INT_CONVERSION = YES;
				CLANG_WARN_NON_LITERAL_NULL_CONVERSION = YES;
				CLANG_WARN_OBJC_IMPLICIT_RETAIN_SELF = YES;
				CLANG_WARN_OBJC_LITERAL_CONVERSION = YES;
				CLANG_WARN_OBJC_ROOT_CLASS = YES_ERROR;
				CLANG_WARN_QUOTED_INCLUDE_IN_FRAMEWORK_HEADER = YES;
				CLANG_WARN_RANGE_LOOP_ANALYSIS = YES;
				CLANG_WARN_STRICT_PROTOTYPES = YES;
				CLANG_WARN_SUSPICIOUS_MOVE = YES;
				CLANG_WARN_UNGUARDED_AVAILABILITY = YES_AGGRESSIVE;
				CLANG_WARN_UNREACHABLE_CODE = YES;
				CLANG_WARN__DUPLICATE_METHOD_MATCH = YES;
				COPY_PHASE_STRIP = NO;
				DEBUG_INFORMATION_FORMAT = "dwarf-with-dsym";
				ENABLE_NS_ASSERTIONS = NO;
				ENABLE_STRICT_OBJC_MSGSEND = YES;
				GCC_C_LANGUAGE_STANDARD = gnu11;
				GCC_NO_COMMON_BLOCKS = YES;
				GCC_WARN_64_TO_32_BIT_CONVERSION = YES;
				GCC_WARN_ABOUT_RETURN_TYPE = YES_ERROR;
				GCC_WARN_UNDECLARED_SELECTOR = YES;
				GCC_WARN_UNINITIALIZED_AUTOS = YES_AGGRESSIVE;
				GCC_WARN_UNUSED_FUNCTION = YES;
				GCC_WARN_UNUSED_VARIABLE = YES;
				IPHONEOS_DEPLOYMENT_TARGET = 16.2;
				MTL_ENABLE_DEBUG_INFO = NO;
				MTL_FAST_MATH = YES;
				SDKROOT = iphoneos;
				SWIFT_COMPILATION_MODE = wholemodule;
				SWIFT_OPTIMIZATION_LEVEL = "-O";
				VALIDATE_PRODUCT = YES;
			};
			name = Release;
		};
		35A782FF2A09713300B2EC6A /* Debug */ = {
			isa = XCBuildConfiguration;
			buildSettings = {
				ASSETCATALOG_COMPILER_APPICON_NAME = AppIcon;
				ASSETCATALOG_COMPILER_GLOBAL_ACCENT_COLOR_NAME = AccentColor;
				CODE_SIGN_STYLE = Automatic;
				CURRENT_PROJECT_VERSION = 1;
				DEVELOPMENT_TEAM = 83AL9Q544M;
				GENERATE_INFOPLIST_FILE = YES;
				INFOPLIST_FILE = Insta/Resources/Info.plist;
				INFOPLIST_KEY_UIApplicationSupportsIndirectInputEvents = YES;
				INFOPLIST_KEY_UILaunchStoryboardName = LaunchScreen;
				INFOPLIST_KEY_UIMainStoryboardFile = "";
				INFOPLIST_KEY_UISupportedInterfaceOrientations_iPad = "UIInterfaceOrientationPortrait UIInterfaceOrientationPortraitUpsideDown UIInterfaceOrientationLandscapeLeft UIInterfaceOrientationLandscapeRight";
				INFOPLIST_KEY_UISupportedInterfaceOrientations_iPhone = "UIInterfaceOrientationPortrait UIInterfaceOrientationLandscapeLeft UIInterfaceOrientationLandscapeRight";
				LD_RUNPATH_SEARCH_PATHS = (
					"$(inherited)",
					"@executable_path/Frameworks",
				);
				MARKETING_VERSION = 1.0;
				PRODUCT_BUNDLE_IDENTIFIER = "aliabzhan-gmail.com.Insta";
				PRODUCT_NAME = "$(TARGET_NAME)";
				SWIFT_EMIT_LOC_STRINGS = YES;
				SWIFT_VERSION = 5.0;
				TARGETED_DEVICE_FAMILY = "1,2";
			};
			name = Debug;
		};
		35A783002A09713300B2EC6A /* Release */ = {
			isa = XCBuildConfiguration;
			buildSettings = {
				ASSETCATALOG_COMPILER_APPICON_NAME = AppIcon;
				ASSETCATALOG_COMPILER_GLOBAL_ACCENT_COLOR_NAME = AccentColor;
				CODE_SIGN_STYLE = Automatic;
				CURRENT_PROJECT_VERSION = 1;
				DEVELOPMENT_TEAM = 83AL9Q544M;
				GENERATE_INFOPLIST_FILE = YES;
				INFOPLIST_FILE = Insta/Resources/Info.plist;
				INFOPLIST_KEY_UIApplicationSupportsIndirectInputEvents = YES;
				INFOPLIST_KEY_UILaunchStoryboardName = LaunchScreen;
				INFOPLIST_KEY_UIMainStoryboardFile = "";
				INFOPLIST_KEY_UISupportedInterfaceOrientations_iPad = "UIInterfaceOrientationPortrait UIInterfaceOrientationPortraitUpsideDown UIInterfaceOrientationLandscapeLeft UIInterfaceOrientationLandscapeRight";
				INFOPLIST_KEY_UISupportedInterfaceOrientations_iPhone = "UIInterfaceOrientationPortrait UIInterfaceOrientationLandscapeLeft UIInterfaceOrientationLandscapeRight";
				LD_RUNPATH_SEARCH_PATHS = (
					"$(inherited)",
					"@executable_path/Frameworks",
				);
				MARKETING_VERSION = 1.0;
				PRODUCT_BUNDLE_IDENTIFIER = "aliabzhan-gmail.com.Insta";
				PRODUCT_NAME = "$(TARGET_NAME)";
				SWIFT_EMIT_LOC_STRINGS = YES;
				SWIFT_VERSION = 5.0;
				TARGETED_DEVICE_FAMILY = "1,2";
			};
			name = Release;
		};
/* End XCBuildConfiguration section */

/* Begin XCConfigurationList section */
		35A782E52A09713200B2EC6A /* Build configuration list for PBXProject "Insta" */ = {
			isa = XCConfigurationList;
			buildConfigurations = (
				35A782FC2A09713300B2EC6A /* Debug */,
				35A782FD2A09713300B2EC6A /* Release */,
			);
			defaultConfigurationIsVisible = 0;
			defaultConfigurationName = Release;
		};
		35A782FE2A09713300B2EC6A /* Build configuration list for PBXNativeTarget "Insta" */ = {
			isa = XCConfigurationList;
			buildConfigurations = (
				35A782FF2A09713300B2EC6A /* Debug */,
				35A783002A09713300B2EC6A /* Release */,
			);
			defaultConfigurationIsVisible = 0;
			defaultConfigurationName = Release;
		};
/* End XCConfigurationList section */

/* Begin XCRemoteSwiftPackageReference section */
		35A783052A0971B700B2EC6A /* XCRemoteSwiftPackageReference "SnapKit" */ = {
			isa = XCRemoteSwiftPackageReference;
			repositoryURL = "https://github.com/SnapKit/SnapKit.git";
			requirement = {
				kind = upToNextMajorVersion;
				minimumVersion = 5.0.1;
			};
		};
/* End XCRemoteSwiftPackageReference section */

/* Begin XCSwiftPackageProductDependency section */
		35A783062A0971B700B2EC6A /* SnapKit */ = {
			isa = XCSwiftPackageProductDependency;
			package = 35A783052A0971B700B2EC6A /* XCRemoteSwiftPackageReference "SnapKit" */;
			productName = SnapKit;
		};
/* End XCSwiftPackageProductDependency section */
	};
	rootObject = 35A782E22A09713200B2EC6A /* Project object */;
}
